
Microsoft Visual Studio Solution File, Format Version 12.00
# Visual Studio Version 16
VisualStudioVersion = 16.0.29920.165
MinimumVisualStudioVersion = 10.0.40219.1
Project("{FAE04EC0-301F-11D3-BF4B-00C04F79EFBC}") = "BlazorProject1.Server", "BlazorProject1.Server\BlazorProject1.Server.csproj", "{7E10553E-3C77-47EF-B7EC-240F4352B782}"
EndProject
Project("{9A19103F-16F7-4668-BE54-9A1E7A4F7556}") = "BethanysPieShopHRM.Shared", "BlazorProject1.Shared\BethanysPieShopHRM.Shared.csproj", "{FAC775AA-CF21-4F49-8D34-8103D76B8647}"
EndProject
Project("{9A19103F-16F7-4668-BE54-9A1E7A4F7556}") = "BethanysPieShopHRM.Api", "BlazorProject1.Api\BethanysPieShopHRM.Api.csproj", "{FF9FE544-2A9E-4FFF-B34D-69050295580D}"
EndProject
Global
	GlobalSection(SolutionConfigurationPlatforms) = preSolution
		Debug|Any CPU = Debug|Any CPU
		Release|Any CPU = Release|Any CPU
	EndGlobalSection
	GlobalSection(ProjectConfigurationPlatforms) = postSolution
		{7E10553E-3C77-47EF-B7EC-240F4352B782}.Debug|Any CPU.ActiveCfg = Debug|Any CPU
		{7E10553E-3C77-47EF-B7EC-240F4352B782}.Debug|Any CPU.Build.0 = Debug|Any CPU
		{7E10553E-3C77-47EF-B7EC-240F4352B782}.Release|Any CPU.ActiveCfg = Release|Any CPU
		{7E10553E-3C77-47EF-B7EC-240F4352B782}.Release|Any CPU.Build.0 = Release|Any CPU
		{FAC775AA-CF21-4F49-8D34-8103D76B8647}.Debug|Any CPU.ActiveCfg = Debug|Any CPU
		{FAC775AA-CF21-4F49-8D34-8103D76B8647}.Debug|Any CPU.Build.0 = Debug|Any CPU
		{FAC775AA-CF21-4F49-8D34-8103D76B8647}.Release|Any CPU.ActiveCfg = Release|Any CPU
		{FAC775AA-CF21-4F49-8D34-8103D76B8647}.Release|Any CPU.Build.0 = Release|Any CPU
		{FF9FE544-2A9E-4FFF-B34D-69050295580D}.Debug|Any CPU.ActiveCfg = Debug|Any CPU
		{FF9FE544-2A9E-4FFF-B34D-69050295580D}.Debug|Any CPU.Build.0 = Debug|Any CPU
		{FF9FE544-2A9E-4FFF-B34D-69050295580D}.Release|Any CPU.ActiveCfg = Release|Any CPU
		{FF9FE544-2A9E-4FFF-B34D-69050295580D}.Release|Any CPU.Build.0 = Release|Any CPU
	EndGlobalSection
	GlobalSection(SolutionProperties) = preSolution
		HideSolutionNode = FALSE
	EndGlobalSection
	GlobalSection(ExtensibilityGlobals) = postSolution
		SolutionGuid = {AE2E236E-727E-4F58-8E54-468876745554}
	EndGlobalSection
EndGlobal
